
Microsoft Visual Studio Solution File, Format Version 12.00
# Visual Studio Version 16
VisualStudioVersion = 25.0.1705.1
MinimumVisualStudioVersion = 10.0.40219.1
Project("{FAE04EC0-301F-11D3-BF4B-00C04F79EFBC}") = "backend", "backend.csproj", "{F37F8C28-81CE-4566-9479-B0A055CE42BC}"
EndProject
Global
	GlobalSection(SolutionConfigurationPlatforms) = preSolution
		Debug|Any CPU = Debug|Any CPU
		Release|Any CPU = Release|Any CPU
	EndGlobalSection
	GlobalSection(ProjectConfigurationPlatforms) = postSolution
		{F37F8C28-81CE-4566-9479-B0A055CE42BC}.Debug|Any CPU.ActiveCfg = Debug|Any CPU
		{F37F8C28-81CE-4566-9479-B0A055CE42BC}.Debug|Any CPU.Build.0 = Debug|Any CPU
		{F37F8C28-81CE-4566-9479-B0A055CE42BC}.Release|Any CPU.ActiveCfg = Release|Any CPU
		{F37F8C28-81CE-4566-9479-B0A055CE42BC}.Release|Any CPU.Build.0 = Release|Any CPU
	EndGlobalSection
	GlobalSection(SolutionProperties) = preSolution
		HideSolutionNode = FALSE
	EndGlobalSection
	GlobalSection(ExtensibilityGlobals) = postSolution
		SolutionGuid = {87CAA99B-6B8F-4F59-84D5-B9A072C8A97A}
	EndGlobalSection
EndGlobal
